
Microsoft Visual Studio Solution File, Format Version 12.00
# Visual Studio Version 17
VisualStudioVersion = 17.11.35312.102
MinimumVisualStudioVersion = 10.0.40219.1
Project("{8BC9CEB8-8B4A-11D0-8D11-00A0C91BC942}") = "Loader", "Loader.vcxproj", "{5BC9ECA5-8C48-4ACD-A7C0-297433B2C618}"
EndProject
Global
	GlobalSection(SolutionConfigurationPlatforms) = preSolution
		Debug|x64 = Debug|x64
		Debug|x86 = Debug|x86
		Release|x64 = Release|x64
		Release|x86 = Release|x86
	EndGlobalSection
	GlobalSection(ProjectConfigurationPlatforms) = postSolution
		{5BC9ECA5-8C48-4ACD-A7C0-297433B2C618}.Debug|x64.ActiveCfg = Debug|x64
		{5BC9ECA5-8C48-4ACD-A7C0-297433B2C618}.Debug|x64.Build.0 = Debug|x64
		{5BC9ECA5-8C48-4ACD-A7C0-297433B2C618}.Debug|x86.ActiveCfg = Debug|Win32
		{5BC9ECA5-8C48-4ACD-A7C0-297433B2C618}.Debug|x86.Build.0 = Debug|Win32
		{5BC9ECA5-8C48-4ACD-A7C0-297433B2C618}.Release|x64.ActiveCfg = Release|x64
		{5BC9ECA5-8C48-4ACD-A7C0-297433B2C618}.Release|x64.Build.0 = Release|x64
		{5BC9ECA5-8C48-4ACD-A7C0-297433B2C618}.Release|x86.ActiveCfg = Release|Win32
		{5BC9ECA5-8C48-4ACD-A7C0-297433B2C618}.Release|x86.Build.0 = Release|Win32
	EndGlobalSection
	GlobalSection(SolutionProperties) = preSolution
		HideSolutionNode = FALSE
	EndGlobalSection
	GlobalSection(ExtensibilityGlobals) = postSolution
		SolutionGuid = {84E6B0CC-10E4-439D-A837-4817E35418D1}
	EndGlobalSection
EndGlobal
