
Microsoft Visual Studio Solution File, Format Version 12.00
# Visual Studio Version 17
VisualStudioVersion = 17.9.34622.214
MinimumVisualStudioVersion = 10.0.40219.1
Project("{8BC9CEB8-8B4A-11D0-8D11-00A0C91BC942}") = "Interpreter", "Interpreter.vcxproj", "{D8785EEF-414A-4283-B414-C75AC261FF7D}"
EndProject
Global
	GlobalSection(SolutionConfigurationPlatforms) = preSolution
		Debug|x64 = Debug|x64
		Debug|x86 = Debug|x86
		Release|x64 = Release|x64
		Release|x86 = Release|x86
	EndGlobalSection
	GlobalSection(ProjectConfigurationPlatforms) = postSolution
		{D8785EEF-414A-4283-B414-C75AC261FF7D}.Debug|x64.ActiveCfg = Debug|x64
		{D8785EEF-414A-4283-B414-C75AC261FF7D}.Debug|x64.Build.0 = Debug|x64
		{D8785EEF-414A-4283-B414-C75AC261FF7D}.Debug|x86.ActiveCfg = Debug|Win32
		{D8785EEF-414A-4283-B414-C75AC261FF7D}.Debug|x86.Build.0 = Debug|Win32
		{D8785EEF-414A-4283-B414-C75AC261FF7D}.Release|x64.ActiveCfg = Release|x64
		{D8785EEF-414A-4283-B414-C75AC261FF7D}.Release|x64.Build.0 = Release|x64
		{D8785EEF-414A-4283-B414-C75AC261FF7D}.Release|x86.ActiveCfg = Release|Win32
		{D8785EEF-414A-4283-B414-C75AC261FF7D}.Release|x86.Build.0 = Release|Win32
	EndGlobalSection
	GlobalSection(SolutionProperties) = preSolution
		HideSolutionNode = FALSE
	EndGlobalSection
	GlobalSection(ExtensibilityGlobals) = postSolution
		SolutionGuid = {695E8497-A87E-401E-91BC-27D5378CE82C}
	EndGlobalSection
EndGlobal
